# THIS IS AN AUTOGENERATED FILE. DO NOT EDIT THIS FILE DIRECTLY.
# yarn lockfile v1


eslint-config-airbnb-base@^11.3.0:
  version "11.3.2"
  resolved "https://registry.npmjs.org/eslint-config-airbnb-base/-/eslint-config-airbnb-base-11.3.2.tgz#8703b11abe3c88ac7ec2b745b7fdf52e00ae680a"
  integrity sha512-/fhjt/VqzBA2SRsx7ErDtv6Ayf+XLw9LIOqmpBuHFCVwyJo2EtzGWMB9fYRFBoWWQLxmNmCpenNiH0RxyeS41w==
  dependencies:
    eslint-restricted-globals "^0.1.1"

eslint-config-airbnb@15.1.0:
  version "15.1.0"
  resolved "https://registry.npmjs.org/eslint-config-airbnb/-/eslint-config-airbnb-15.1.0.tgz#fd432965a906e30139001ba830f58f73aeddae8e"
  integrity sha512-m0q9fiMBzDAIbirlGnpJNWToIhdhJmXXnMG+IFflYzzod9231ZhtmGKegKg8E9T8F1YuVaDSU1FnCm5b9iXVhQ==
  dependencies:
    eslint-config-airbnb-base "^11.3.0"

eslint-config-prettier@2.9.0:
  version "2.9.0"
  resolved "https://registry.npmjs.org/eslint-config-prettier/-/eslint-config-prettier-2.9.0.tgz#5ecd65174d486c22dff389fe036febf502d468a3"
  integrity sha512-ag8YEyBXsm3nmOv1Hz991VtNNDMRa+MNy8cY47Pl4bw6iuzqKbJajXdqUpiw13STdLLrznxgm1hj9NhxeOYq0A==
  dependencies:
    get-stdin "^5.0.1"

eslint-restricted-globals@^0.1.1:
  version "0.1.1"
  resolved "https://registry.npmjs.org/eslint-restricted-globals/-/eslint-restricted-globals-0.1.1.tgz#35f0d5cbc64c2e3ed62e93b4b1a7af05ba7ed4d7"
  integrity sha1-NfDVy8ZMLj7WLpO0saevBbp+1Nc=

get-stdin@^5.0.1:
  version "5.0.1"
  resolved "https://registry.npmjs.org/get-stdin/-/get-stdin-5.0.1.tgz#122e161591e21ff4c52530305693f20e6393a398"
  integrity sha1-Ei4WFZHiH/TFJTAwVpPyDmOTo5g=
