# THIS IS AN AUTOGENERATED FILE. DO NOT EDIT THIS FILE DIRECTLY.
# yarn lockfile v1


prettier@1.13.2:
  version "1.13.2"
  resolved "http://localhost:4873/prettier/-/prettier-1.13.2.tgz#412b87bc561cb11074d2877a33a38f78c2303cda"
  integrity sha512-D9oFKkJ7g76fRxkRh9MWBh4j2vbNGO4rtEUJbj46zId5wnm0dwHruoyg4Od9Zqh3WNl0jwxnWSlEGAnl+/thWA==
